PODS:
  - Masonry (1.1.0)
  - PicDataSDK (1.0.2):
    - Masonry
    - SDWebImage (~> 5.0)
  - SDWebImage (5.13.3):
    - SDWebImage/Core (= 5.13.3)
  - SDWebImage/Core (5.13.3)

DEPENDENCIES:
  - PicDataSDK

SPEC REPOS:
  https://github.com/CocoaPods/Specs.git:
    - Masonry
    - SDWebImage
  https://github.com/Garenge/pengpengSpecs.git:
    - PicDataSDK

SPEC CHECKSUMS:
  Masonry: 678fab65091a9290e40e2832a55e7ab731aad201
  PicDataSDK: e7d0751b3791243048292cae96c6204998eb65f1
  SDWebImage: af5bbffef2cde09f148d826f9733dcde1a9414cd

PODFILE CHECKSUM: 5a39b63ef4dfda2800337467631072b8a41403d5

COCOAPODS: 1.11.3
